
Microsoft Visual Studio Solution File, Format Version 12.00
# Visual Studio Version 18
VisualStudioVersion = 18.0.11217.181 d18.0
MinimumVisualStudioVersion = 10.0.40219.1
Project("{FAE04EC0-301F-11D3-BF4B-00C04F79EFBC}") = "EBDSolution", "EBDSolution\EBDSolution.csproj", "{75CC91CA-B63D-45E0-8768-01B8B837220C}"
EndProject
Project("{FAE04EC0-301F-11D3-BF4B-00C04F79EFBC}") = "Test1", "Test1\Test1.csproj", "{55E75BAF-518C-447B-89DA-488B19228042}"
EndProject
Global
	GlobalSection(SolutionConfigurationPlatforms) = preSolution
		Debug|Any CPU = Debug|Any CPU
		Release|Any CPU = Release|Any CPU
	EndGlobalSection
	GlobalSection(ProjectConfigurationPlatforms) = postSolution
		{75CC91CA-B63D-45E0-8768-01B8B837220C}.Debug|Any CPU.ActiveCfg = Debug|Any CPU
		{75CC91CA-B63D-45E0-8768-01B8B837220C}.Debug|Any CPU.Build.0 = Debug|Any CPU
		{75CC91CA-B63D-45E0-8768-01B8B837220C}.Release|Any CPU.ActiveCfg = Release|Any CPU
		{75CC91CA-B63D-45E0-8768-01B8B837220C}.Release|Any CPU.Build.0 = Release|Any CPU
		{55E75BAF-518C-447B-89DA-488B19228042}.Debug|Any CPU.ActiveCfg = Debug|Any CPU
		{55E75BAF-518C-447B-89DA-488B19228042}.Debug|Any CPU.Build.0 = Debug|Any CPU
		{55E75BAF-518C-447B-89DA-488B19228042}.Release|Any CPU.ActiveCfg = Release|Any CPU
		{55E75BAF-518C-447B-89DA-488B19228042}.Release|Any CPU.Build.0 = Release|Any CPU
	EndGlobalSection
	GlobalSection(SolutionProperties) = preSolution
		HideSolutionNode = FALSE
	EndGlobalSection
	GlobalSection(ExtensibilityGlobals) = postSolution
		SolutionGuid = {6A0D0EC5-7E59-49B8-8FEE-0AFC73831951}
	EndGlobalSection
EndGlobal
